PODS:
  - Flutter (1.0.0)
  - flutter_gl (0.0.3):
    - Flutter
    - three3d_egl (~> 0.1.3)
  - three3d_egl (0.1.3)

DEPENDENCIES:
  - Flutter (from `Flutter`)
  - flutter_gl (from `.symlinks/plugins/flutter_gl/ios`)

SPEC REPOS:
  trunk:
    - three3d_egl

EXTERNAL SOURCES:
  Flutter:
    :path: Flutter
  flutter_gl:
    :path: ".symlinks/plugins/flutter_gl/ios"

SPEC CHECKSUMS:
  Flutter: 50d75fe2f02b26cc09d224853bb45737f8b3214a
  flutter_gl: 5a5603f35db897697f064027864a32b15d0c421d
  three3d_egl: de2cd4950ad2d5f2122166c36583bde4c812e7b5

PODFILE CHECKSUM: aafe91acc616949ddb318b77800a7f51bffa2a4c

COCOAPODS: 1.11.3
