PODS:
  - flutter_gl_macos (0.0.1):
    - FlutterMacOS
    - three3d_egl_osx (~> 0.1.1)
  - FlutterMacOS (1.0.0)
  - three3d_egl_osx (0.1.1)

DEPENDENCIES:
  - flutter_gl_macos (from `Flutter/ephemeral/.symlinks/plugins/flutter_gl_macos/macos`)
  - FlutterMacOS (from `Flutter/ephemeral`)

SPEC REPOS:
  trunk:
    - three3d_egl_osx

EXTERNAL SOURCES:
  flutter_gl_macos:
    :path: Flutter/ephemeral/.symlinks/plugins/flutter_gl_macos/macos
  FlutterMacOS:
    :path: Flutter/ephemeral

SPEC CHECKSUMS:
  flutter_gl_macos: fd42c918a2cfe97e202cc51f2347a15644b763e5
  FlutterMacOS: 57701585bf7de1b3fc2bb61f6378d73bbdea8424
  three3d_egl_osx: 5f0b1c41e6d687ac778b3d9900afd569c7f36424

PODFILE CHECKSUM: 6eac6b3292e5142cfc23bdeb71848a40ec51c14c

COCOAPODS: 1.11.3
